Microsoft Visual Studio Solution File, Format Version 12.00
# Visual Studio Version 17
VisualStudioVersion = 17.5.2.0
MinimumVisualStudioVersion = 10.0.40219.1
Project("{FAE04EC0-301F-11D3-BF4B-00C04F79EFBC}") = "Flyweight", "Flyweight.csproj", "{5591FC84-1013-4266-C108-58FBB34C2892}"
EndProject
Global
	GlobalSection(SolutionConfigurationPlatforms) = preSolution
		Debug|Any CPU = Debug|Any CPU
		Release|Any CPU = Release|Any CPU
	EndGlobalSection
	GlobalSection(ProjectConfigurationPlatforms) = postSolution
		{5591FC84-1013-4266-C108-58FBB34C2892}.Debug|Any CPU.ActiveCfg = Debug|Any CPU
		{5591FC84-1013-4266-C108-58FBB34C2892}.Debug|Any CPU.Build.0 = Debug|Any CPU
		{5591FC84-1013-4266-C108-58FBB34C2892}.Release|Any CPU.ActiveCfg = Release|Any CPU
		{5591FC84-1013-4266-C108-58FBB34C2892}.Release|Any CPU.Build.0 = Release|Any CPU
	EndGlobalSection
	GlobalSection(SolutionProperties) = preSolution
		HideSolutionNode = FALSE
	EndGlobalSection
	GlobalSection(ExtensibilityGlobals) = postSolution
		SolutionGuid = {1E459D4E-EC9D-4FE3-89F0-FDF591B06517}
	EndGlobalSection
EndGlobal
